
Microsoft Visual Studio Solution File, Format Version 12.00
# Visual Studio 15
VisualStudioVersion = 15.0.28010.2050
MinimumVisualStudioVersion = 10.0.40219.1
Project("{9A19103F-16F7-4668-BE54-9A1E7A4F7556}") = "LotteryApi", "LotteryApi\LotteryApi.csproj", "{625810C4-A2CB-424B-924E-8E509AA5A147}"
EndProject
Project("{9A19103F-16F7-4668-BE54-9A1E7A4F7556}") = "Lottery.Repository", "Lottery.Repository\Lottery.Repository.csproj", "{001DED6C-C38D-44C9-A637-CBDB66B5695F}"
EndProject
Project("{9A19103F-16F7-4668-BE54-9A1E7A4F7556}") = "Lottery.Service", "Lottery.Service\Lottery.Service.csproj", "{C97C78F8-1E38-439C-AAFA-5A2C0661DB93}"
EndProject
Project("{9A19103F-16F7-4668-BE54-9A1E7A4F7556}") = "Lottery.Models", "Lottery.Models\Lottery.Models.csproj", "{1BBBBCA9-4DDF-4271-B5E2-1D03377310FA}"
EndProject
Project("{FAE04EC0-301F-11D3-BF4B-00C04F79EFBC}") = "Lottery.Tests", "Lottery.Tests\Lottery.Tests.csproj", "{04C7169E-96DF-4AF0-8DC4-4EB497D1E368}"
EndProject
Global
	GlobalSection(SolutionConfigurationPlatforms) = preSolution
		Debug|Any CPU = Debug|Any CPU
		Release|Any CPU = Release|Any CPU
	EndGlobalSection
	GlobalSection(ProjectConfigurationPlatforms) = postSolution
		{625810C4-A2CB-424B-924E-8E509AA5A147}.Debug|Any CPU.ActiveCfg = Debug|Any CPU
		{625810C4-A2CB-424B-924E-8E509AA5A147}.Debug|Any CPU.Build.0 = Debug|Any CPU
		{625810C4-A2CB-424B-924E-8E509AA5A147}.Release|Any CPU.ActiveCfg = Release|Any CPU
		{625810C4-A2CB-424B-924E-8E509AA5A147}.Release|Any CPU.Build.0 = Release|Any CPU
		{001DED6C-C38D-44C9-A637-CBDB66B5695F}.Debug|Any CPU.ActiveCfg = Debug|Any CPU
		{001DED6C-C38D-44C9-A637-CBDB66B5695F}.Debug|Any CPU.Build.0 = Debug|Any CPU
		{001DED6C-C38D-44C9-A637-CBDB66B5695F}.Release|Any CPU.ActiveCfg = Release|Any CPU
		{001DED6C-C38D-44C9-A637-CBDB66B5695F}.Release|Any CPU.Build.0 = Release|Any CPU
		{C97C78F8-1E38-439C-AAFA-5A2C0661DB93}.Debug|Any CPU.ActiveCfg = Debug|Any CPU
		{C97C78F8-1E38-439C-AAFA-5A2C0661DB93}.Debug|Any CPU.Build.0 = Debug|Any CPU
		{C97C78F8-1E38-439C-AAFA-5A2C0661DB93}.Release|Any CPU.ActiveCfg = Release|Any CPU
		{C97C78F8-1E38-439C-AAFA-5A2C0661DB93}.Release|Any CPU.Build.0 = Release|Any CPU
		{1BBBBCA9-4DDF-4271-B5E2-1D03377310FA}.Debug|Any CPU.ActiveCfg = Debug|Any CPU
		{1BBBBCA9-4DDF-4271-B5E2-1D03377310FA}.Debug|Any CPU.Build.0 = Debug|Any CPU
		{1BBBBCA9-4DDF-4271-B5E2-1D03377310FA}.Release|Any CPU.ActiveCfg = Release|Any CPU
		{1BBBBCA9-4DDF-4271-B5E2-1D03377310FA}.Release|Any CPU.Build.0 = Release|Any CPU
		{04C7169E-96DF-4AF0-8DC4-4EB497D1E368}.Debug|Any CPU.ActiveCfg = Debug|Any CPU
		{04C7169E-96DF-4AF0-8DC4-4EB497D1E368}.Debug|Any CPU.Build.0 = Debug|Any CPU
		{04C7169E-96DF-4AF0-8DC4-4EB497D1E368}.Release|Any CPU.ActiveCfg = Release|Any CPU
		{04C7169E-96DF-4AF0-8DC4-4EB497D1E368}.Release|Any CPU.Build.0 = Release|Any CPU
	EndGlobalSection
	GlobalSection(SolutionProperties) = preSolution
		HideSolutionNode = FALSE
	EndGlobalSection
	GlobalSection(ExtensibilityGlobals) = postSolution
		SolutionGuid = {17412956-B1F2-4DA9-87A3-14B8C055D78D}
	EndGlobalSection
EndGlobal
