
Microsoft Visual Studio Solution File, Format Version 12.00
# Visual Studio Version 16
VisualStudioVersion = 16.0.28803.352
MinimumVisualStudioVersion = 10.0.40219.1
Project("{9A19103F-16F7-4668-BE54-9A1E7A4F7556}") = "LotteryApi", "LotteryApi\LotteryApi.csproj", "{625810C4-A2CB-424B-924E-8E509AA5A147}"
EndProject
Project("{9A19103F-16F7-4668-BE54-9A1E7A4F7556}") = "Lottery.Repository", "Lottery.Repository\Lottery.Repository.csproj", "{001DED6C-C38D-44C9-A637-CBDB66B5695F}"
EndProject
Project("{9A19103F-16F7-4668-BE54-9A1E7A4F7556}") = "Lottery.Services", "Lottery.Service\Lottery.Services.csproj", "{C97C78F8-1E38-439C-AAFA-5A2C0661DB93}"
EndProject
Project("{9A19103F-16F7-4668-BE54-9A1E7A4F7556}") = "Lottery.Models", "Lottery.Models\Lottery.Models.csproj", "{1BBBBCA9-4DDF-4271-B5E2-1D03377310FA}"
EndProject
Project("{9A19103F-16F7-4668-BE54-9A1E7A4F7556}") = "Lottery.Service.Tests", "Lottery.Service.Tests\Lottery.Service.Tests.csproj", "{0DE2BC14-8788-4905-B387-16D32E11A3BD}"
EndProject
Project("{9A19103F-16F7-4668-BE54-9A1E7A4F7556}") = "LotteryApi.Test", "Lottery.Api.Test\LotteryApi.Test.csproj", "{85DD0AFE-A2C7-4BBD-92A0-2E57E5C04A7E}"
EndProject
Project("{2150E333-8FDC-42A3-9474-1A3956D46DE8}") = "Solution Items", "Solution Items", "{F19AB6FF-DC44-4661-B0E3-57B479CAE9FE}"
	ProjectSection(SolutionItems) = preProject
		.travis.yml = .travis.yml
		appveyor.yml = appveyor.yml
		README.md = README.md
	EndProjectSection
EndProject
Project("{FAE04EC0-301F-11D3-BF4B-00C04F79EFBC}") = "Lottery.Repository.Tests", "Lottery.Repository.Tests\Lottery.Repository.Tests.csproj", "{10996A12-1AEE-4D2B-B3FE-68169FE039E2}"
EndProject
Global
	GlobalSection(SolutionConfigurationPlatforms) = preSolution
		Debug|Any CPU = Debug|Any CPU
		Release|Any CPU = Release|Any CPU
	EndGlobalSection
	GlobalSection(ProjectConfigurationPlatforms) = postSolution
		{625810C4-A2CB-424B-924E-8E509AA5A147}.Debug|Any CPU.ActiveCfg = Debug|Any CPU
		{625810C4-A2CB-424B-924E-8E509AA5A147}.Debug|Any CPU.Build.0 = Debug|Any CPU
		{625810C4-A2CB-424B-924E-8E509AA5A147}.Release|Any CPU.ActiveCfg = Release|Any CPU
		{625810C4-A2CB-424B-924E-8E509AA5A147}.Release|Any CPU.Build.0 = Release|Any CPU
		{001DED6C-C38D-44C9-A637-CBDB66B5695F}.Debug|Any CPU.ActiveCfg = Debug|Any CPU
		{001DED6C-C38D-44C9-A637-CBDB66B5695F}.Debug|Any CPU.Build.0 = Debug|Any CPU
		{001DED6C-C38D-44C9-A637-CBDB66B5695F}.Release|Any CPU.ActiveCfg = Release|Any CPU
		{001DED6C-C38D-44C9-A637-CBDB66B5695F}.Release|Any CPU.Build.0 = Release|Any CPU
		{C97C78F8-1E38-439C-AAFA-5A2C0661DB93}.Debug|Any CPU.ActiveCfg = Debug|Any CPU
		{C97C78F8-1E38-439C-AAFA-5A2C0661DB93}.Debug|Any CPU.Build.0 = Debug|Any CPU
		{C97C78F8-1E38-439C-AAFA-5A2C0661DB93}.Release|Any CPU.ActiveCfg = Release|Any CPU
		{C97C78F8-1E38-439C-AAFA-5A2C0661DB93}.Release|Any CPU.Build.0 = Release|Any CPU
		{1BBBBCA9-4DDF-4271-B5E2-1D03377310FA}.Debug|Any CPU.ActiveCfg = Debug|Any CPU
		{1BBBBCA9-4DDF-4271-B5E2-1D03377310FA}.Debug|Any CPU.Build.0 = Debug|Any CPU
		{1BBBBCA9-4DDF-4271-B5E2-1D03377310FA}.Release|Any CPU.ActiveCfg = Release|Any CPU
		{1BBBBCA9-4DDF-4271-B5E2-1D03377310FA}.Release|Any CPU.Build.0 = Release|Any CPU
		{0DE2BC14-8788-4905-B387-16D32E11A3BD}.Debug|Any CPU.ActiveCfg = Debug|Any CPU
		{0DE2BC14-8788-4905-B387-16D32E11A3BD}.Debug|Any CPU.Build.0 = Debug|Any CPU
		{0DE2BC14-8788-4905-B387-16D32E11A3BD}.Release|Any CPU.ActiveCfg = Release|Any CPU
		{0DE2BC14-8788-4905-B387-16D32E11A3BD}.Release|Any CPU.Build.0 = Release|Any CPU
		{85DD0AFE-A2C7-4BBD-92A0-2E57E5C04A7E}.Debug|Any CPU.ActiveCfg = Debug|Any CPU
		{85DD0AFE-A2C7-4BBD-92A0-2E57E5C04A7E}.Debug|Any CPU.Build.0 = Debug|Any CPU
		{85DD0AFE-A2C7-4BBD-92A0-2E57E5C04A7E}.Release|Any CPU.ActiveCfg = Release|Any CPU
		{85DD0AFE-A2C7-4BBD-92A0-2E57E5C04A7E}.Release|Any CPU.Build.0 = Release|Any CPU
		{10996A12-1AEE-4D2B-B3FE-68169FE039E2}.Debug|Any CPU.ActiveCfg = Debug|Any CPU
		{10996A12-1AEE-4D2B-B3FE-68169FE039E2}.Debug|Any CPU.Build.0 = Debug|Any CPU
		{10996A12-1AEE-4D2B-B3FE-68169FE039E2}.Release|Any CPU.ActiveCfg = Release|Any CPU
		{10996A12-1AEE-4D2B-B3FE-68169FE039E2}.Release|Any CPU.Build.0 = Release|Any CPU
	EndGlobalSection
	GlobalSection(SolutionProperties) = preSolution
		HideSolutionNode = FALSE
	EndGlobalSection
	GlobalSection(ExtensibilityGlobals) = postSolution
		SolutionGuid = {17412956-B1F2-4DA9-87A3-14B8C055D78D}
	EndGlobalSection
EndGlobal
